
Microsoft Visual Studio Solution File, Format Version 12.00
# Visual Studio 15
VisualStudioVersion = 15.0.26430.4
MinimumVisualStudioVersion = 10.0.40219.1
Project("{D954291E-2A0B-460D-934E-DC6B0785DB48}") = "FizzBuzz", "FizzBuzz\FizzBuzz\FizzBuzz.shproj", "{0BEEC434-5A8D-4405-8A03-E6E6CDF0C412}"
EndProject
Project("{FAE04EC0-301F-11D3-BF4B-00C04F79EFBC}") = "FizzBuzz.Android", "FizzBuzz\FizzBuzz.Android\FizzBuzz.Android.csproj", "{1DFD3BE1-5192-4F1F-B21A-E29FA72EA501}"
EndProject
Project("{FAE04EC0-301F-11D3-BF4B-00C04F79EFBC}") = "FizzBuzz.iOS", "FizzBuzz\FizzBuzz.iOS\FizzBuzz.iOS.csproj", "{D916D9B3-C3BB-4314-8673-C1AFD0BFBC7F}"
EndProject
Project("{FAE04EC0-301F-11D3-BF4B-00C04F79EFBC}") = "FizzBuzz.UWP", "FizzBuzz\FizzBuzz.UWP\FizzBuzz.UWP.csproj", "{9EB1AB19-9A75-449F-9DB4-DD4BAD064A99}"
EndProject
Global
	GlobalSection(SharedMSBuildProjectFiles) = preSolution
		FizzBuzz\FizzBuzz\FizzBuzz.projitems*{0beec434-5a8d-4405-8a03-e6e6cdf0c412}*SharedItemsImports = 13
		FizzBuzz\FizzBuzz\FizzBuzz.projitems*{1dfd3be1-5192-4f1f-b21a-e29fa72ea501}*SharedItemsImports = 4
		FizzBuzz\FizzBuzz\FizzBuzz.projitems*{d916d9b3-c3bb-4314-8673-c1afd0bfbc7f}*SharedItemsImports = 4
	EndGlobalSection
	GlobalSection(SolutionConfigurationPlatforms) = preSolution
		Ad-Hoc|Any CPU = Ad-Hoc|Any CPU
		Ad-Hoc|ARM = Ad-Hoc|ARM
		Ad-Hoc|iPhone = Ad-Hoc|iPhone
		Ad-Hoc|iPhoneSimulator = Ad-Hoc|iPhoneSimulator
		Ad-Hoc|x64 = Ad-Hoc|x64
		Ad-Hoc|x86 = Ad-Hoc|x86
		AppStore|Any CPU = AppStore|Any CPU
		AppStore|ARM = AppStore|ARM
		AppStore|iPhone = AppStore|iPhone
		AppStore|iPhoneSimulator = AppStore|iPhoneSimulator
		AppStore|x64 = AppStore|x64
		AppStore|x86 = AppStore|x86
		Debug|Any CPU = Debug|Any CPU
		Debug|ARM = Debug|ARM
		Debug|iPhone = Debug|iPhone
		Debug|iPhoneSimulator = Debug|iPhoneSimulator
		Debug|x64 = Debug|x64
		Debug|x86 = Debug|x86
		Release|Any CPU = Release|Any CPU
		Release|ARM = Release|ARM
		Release|iPhone = Release|iPhone
		Release|iPhoneSimulator = Release|iPhoneSimulator
		Release|x64 = Release|x64
		Release|x86 = Release|x86
	EndGlobalSection
	GlobalSection(ProjectConfigurationPlatforms) = postSolution
		{1DFD3BE1-5192-4F1F-B21A-E29FA72EA501}.Ad-Hoc|Any CPU.ActiveCfg = Release|Any CPU
		{1DFD3BE1-5192-4F1F-B21A-E29FA72EA501}.Ad-Hoc|Any CPU.Build.0 = Release|Any CPU
		{1DFD3BE1-5192-4F1F-B21A-E29FA72EA501}.Ad-Hoc|Any CPU.Deploy.0 = Release|Any CPU
		{1DFD3BE1-5192-4F1F-B21A-E29FA72EA501}.Ad-Hoc|ARM.ActiveCfg = Release|Any CPU
		{1DFD3BE1-5192-4F1F-B21A-E29FA72EA501}.Ad-Hoc|ARM.Build.0 = Release|Any CPU
		{1DFD3BE1-5192-4F1F-B21A-E29FA72EA501}.Ad-Hoc|ARM.Deploy.0 = Release|Any CPU
		{1DFD3BE1-5192-4F1F-B21A-E29FA72EA501}.Ad-Hoc|iPhone.ActiveCfg = Release|Any CPU
		{1DFD3BE1-5192-4F1F-B21A-E29FA72EA501}.Ad-Hoc|iPhone.Build.0 = Release|Any CPU
		{1DFD3BE1-5192-4F1F-B21A-E29FA72EA501}.Ad-Hoc|iPhone.Deploy.0 = Release|Any CPU
		{1DFD3BE1-5192-4F1F-B21A-E29FA72EA501}.Ad-Hoc|iPhoneSimulator.ActiveCfg = Release|Any CPU
		{1DFD3BE1-5192-4F1F-B21A-E29FA72EA501}.Ad-Hoc|iPhoneSimulator.Build.0 = Release|Any CPU
		{1DFD3BE1-5192-4F1F-B21A-E29FA72EA501}.Ad-Hoc|iPhoneSimulator.Deploy.0 = Release|Any CPU
		{1DFD3BE1-5192-4F1F-B21A-E29FA72EA501}.Ad-Hoc|x64.ActiveCfg = Release|Any CPU
		{1DFD3BE1-5192-4F1F-B21A-E29FA72EA501}.Ad-Hoc|x64.Build.0 = Release|Any CPU
		{1DFD3BE1-5192-4F1F-B21A-E29FA72EA501}.Ad-Hoc|x64.Deploy.0 = Release|Any CPU
		{1DFD3BE1-5192-4F1F-B21A-E29FA72EA501}.Ad-Hoc|x86.ActiveCfg = Release|Any CPU
		{1DFD3BE1-5192-4F1F-B21A-E29FA72EA501}.Ad-Hoc|x86.Build.0 = Release|Any CPU
		{1DFD3BE1-5192-4F1F-B21A-E29FA72EA501}.Ad-Hoc|x86.Deploy.0 = Release|Any CPU
		{1DFD3BE1-5192-4F1F-B21A-E29FA72EA501}.AppStore|Any CPU.ActiveCfg = Release|Any CPU
		{1DFD3BE1-5192-4F1F-B21A-E29FA72EA501}.AppStore|Any CPU.Build.0 = Release|Any CPU
		{1DFD3BE1-5192-4F1F-B21A-E29FA72EA501}.AppStore|Any CPU.Deploy.0 = Release|Any CPU
		{1DFD3BE1-5192-4F1F-B21A-E29FA72EA501}.AppStore|ARM.ActiveCfg = Release|Any CPU
		{1DFD3BE1-5192-4F1F-B21A-E29FA72EA501}.AppStore|ARM.Build.0 = Release|Any CPU
		{1DFD3BE1-5192-4F1F-B21A-E29FA72EA501}.AppStore|ARM.Deploy.0 = Release|Any CPU
		{1DFD3BE1-5192-4F1F-B21A-E29FA72EA501}.AppStore|iPhone.ActiveCfg = Release|Any CPU
		{1DFD3BE1-5192-4F1F-B21A-E29FA72EA501}.AppStore|iPhone.Build.0 = Release|Any CPU
		{1DFD3BE1-5192-4F1F-B21A-E29FA72EA501}.AppStore|iPhone.Deploy.0 = Release|Any CPU
		{1DFD3BE1-5192-4F1F-B21A-E29FA72EA501}.AppStore|iPhoneSimulator.ActiveCfg = Release|Any CPU
		{1DFD3BE1-5192-4F1F-B21A-E29FA72EA501}.AppStore|iPhoneSimulator.Build.0 = Release|Any CPU
		{1DFD3BE1-5192-4F1F-B21A-E29FA72EA501}.AppStore|iPhoneSimulator.Deploy.0 = Release|Any CPU
		{1DFD3BE1-5192-4F1F-B21A-E29FA72EA501}.AppStore|x64.ActiveCfg = Release|Any CPU
		{1DFD3BE1-5192-4F1F-B21A-E29FA72EA501}.AppStore|x64.Build.0 = Release|Any CPU
		{1DFD3BE1-5192-4F1F-B21A-E29FA72EA501}.AppStore|x64.Deploy.0 = Release|Any CPU
		{1DFD3BE1-5192-4F1F-B21A-E29FA72EA501}.AppStore|x86.ActiveCfg = Release|Any CPU
		{1DFD3BE1-5192-4F1F-B21A-E29FA72EA501}.AppStore|x86.Build.0 = Release|Any CPU
		{1DFD3BE1-5192-4F1F-B21A-E29FA72EA501}.AppStore|x86.Deploy.0 = Release|Any CPU
		{1DFD3BE1-5192-4F1F-B21A-E29FA72EA501}.Debug|Any CPU.ActiveCfg = Debug|Any CPU
		{1DFD3BE1-5192-4F1F-B21A-E29FA72EA501}.Debug|Any CPU.Build.0 = Debug|Any CPU
		{1DFD3BE1-5192-4F1F-B21A-E29FA72EA501}.Debug|Any CPU.Deploy.0 = Debug|Any CPU
		{1DFD3BE1-5192-4F1F-B21A-E29FA72EA501}.Debug|ARM.ActiveCfg = Debug|Any CPU
		{1DFD3BE1-5192-4F1F-B21A-E29FA72EA501}.Debug|ARM.Build.0 = Debug|Any CPU
		{1DFD3BE1-5192-4F1F-B21A-E29FA72EA501}.Debug|ARM.Deploy.0 = Debug|Any CPU
		{1DFD3BE1-5192-4F1F-B21A-E29FA72EA501}.Debug|iPhone.ActiveCfg = Debug|Any CPU
		{1DFD3BE1-5192-4F1F-B21A-E29FA72EA501}.Debug|iPhone.Build.0 = Debug|Any CPU
		{1DFD3BE1-5192-4F1F-B21A-E29FA72EA501}.Debug|iPhone.Deploy.0 = Debug|Any CPU
		{1DFD3BE1-5192-4F1F-B21A-E29FA72EA501}.Debug|iPhoneSimulator.ActiveCfg = Debug|Any CPU
		{1DFD3BE1-5192-4F1F-B21A-E29FA72EA501}.Debug|iPhoneSimulator.Build.0 = Debug|Any CPU
		{1DFD3BE1-5192-4F1F-B21A-E29FA72EA501}.Debug|iPhoneSimulator.Deploy.0 = Debug|Any CPU
		{1DFD3BE1-5192-4F1F-B21A-E29FA72EA501}.Debug|x64.ActiveCfg = Debug|Any CPU
		{1DFD3BE1-5192-4F1F-B21A-E29FA72EA501}.Debug|x64.Build.0 = Debug|Any CPU
		{1DFD3BE1-5192-4F1F-B21A-E29FA72EA501}.Debug|x64.Deploy.0 = Debug|Any CPU
		{1DFD3BE1-5192-4F1F-B21A-E29FA72EA501}.Debug|x86.ActiveCfg = Debug|Any CPU
		{1DFD3BE1-5192-4F1F-B21A-E29FA72EA501}.Debug|x86.Build.0 = Debug|Any CPU
		{1DFD3BE1-5192-4F1F-B21A-E29FA72EA501}.Debug|x86.Deploy.0 = Debug|Any CPU
		{1DFD3BE1-5192-4F1F-B21A-E29FA72EA501}.Release|Any CPU.ActiveCfg = Release|Any CPU
		{1DFD3BE1-5192-4F1F-B21A-E29FA72EA501}.Release|Any CPU.Build.0 = Release|Any CPU
		{1DFD3BE1-5192-4F1F-B21A-E29FA72EA501}.Release|Any CPU.Deploy.0 = Release|Any CPU
		{1DFD3BE1-5192-4F1F-B21A-E29FA72EA501}.Release|ARM.ActiveCfg = Release|Any CPU
		{1DFD3BE1-5192-4F1F-B21A-E29FA72EA501}.Release|ARM.Build.0 = Release|Any CPU
		{1DFD3BE1-5192-4F1F-B21A-E29FA72EA501}.Release|ARM.Deploy.0 = Release|Any CPU
		{1DFD3BE1-5192-4F1F-B21A-E29FA72EA501}.Release|iPhone.ActiveCfg = Release|Any CPU
		{1DFD3BE1-5192-4F1F-B21A-E29FA72EA501}.Release|iPhone.Build.0 = Release|Any CPU
		{1DFD3BE1-5192-4F1F-B21A-E29FA72EA501}.Release|iPhone.Deploy.0 = Release|Any CPU
		{1DFD3BE1-5192-4F1F-B21A-E29FA72EA501}.Release|iPhoneSimulator.ActiveCfg = Release|Any CPU
		{1DFD3BE1-5192-4F1F-B21A-E29FA72EA501}.Release|iPhoneSimulator.Build.0 = Release|Any CPU
		{1DFD3BE1-5192-4F1F-B21A-E29FA72EA501}.Release|iPhoneSimulator.Deploy.0 = Release|Any CPU
		{1DFD3BE1-5192-4F1F-B21A-E29FA72EA501}.Release|x64.ActiveCfg = Release|Any CPU
		{1DFD3BE1-5192-4F1F-B21A-E29FA72EA501}.Release|x64.Build.0 = Release|Any CPU
		{1DFD3BE1-5192-4F1F-B21A-E29FA72EA501}.Release|x64.Deploy.0 = Release|Any CPU
		{1DFD3BE1-5192-4F1F-B21A-E29FA72EA501}.Release|x86.ActiveCfg = Release|Any CPU
		{1DFD3BE1-5192-4F1F-B21A-E29FA72EA501}.Release|x86.Build.0 = Release|Any CPU
		{1DFD3BE1-5192-4F1F-B21A-E29FA72EA501}.Release|x86.Deploy.0 = Release|Any CPU
		{D916D9B3-C3BB-4314-8673-C1AFD0BFBC7F}.Ad-Hoc|Any CPU.ActiveCfg = Ad-Hoc|iPhone
		{D916D9B3-C3BB-4314-8673-C1AFD0BFBC7F}.Ad-Hoc|ARM.ActiveCfg = Ad-Hoc|iPhone
		{D916D9B3-C3BB-4314-8673-C1AFD0BFBC7F}.Ad-Hoc|iPhone.ActiveCfg = Ad-Hoc|iPhone
		{D916D9B3-C3BB-4314-8673-C1AFD0BFBC7F}.Ad-Hoc|iPhone.Build.0 = Ad-Hoc|iPhone
		{D916D9B3-C3BB-4314-8673-C1AFD0BFBC7F}.Ad-Hoc|iPhoneSimulator.ActiveCfg = Ad-Hoc|iPhoneSimulator
		{D916D9B3-C3BB-4314-8673-C1AFD0BFBC7F}.Ad-Hoc|iPhoneSimulator.Build.0 = Ad-Hoc|iPhoneSimulator
		{D916D9B3-C3BB-4314-8673-C1AFD0BFBC7F}.Ad-Hoc|x64.ActiveCfg = Ad-Hoc|iPhone
		{D916D9B3-C3BB-4314-8673-C1AFD0BFBC7F}.Ad-Hoc|x86.ActiveCfg = Ad-Hoc|iPhone
		{D916D9B3-C3BB-4314-8673-C1AFD0BFBC7F}.AppStore|Any CPU.ActiveCfg = AppStore|iPhone
		{D916D9B3-C3BB-4314-8673-C1AFD0BFBC7F}.AppStore|ARM.ActiveCfg = AppStore|iPhone
		{D916D9B3-C3BB-4314-8673-C1AFD0BFBC7F}.AppStore|iPhone.ActiveCfg = AppStore|iPhone
		{D916D9B3-C3BB-4314-8673-C1AFD0BFBC7F}.AppStore|iPhone.Build.0 = AppStore|iPhone
		{D916D9B3-C3BB-4314-8673-C1AFD0BFBC7F}.AppStore|iPhoneSimulator.ActiveCfg = AppStore|iPhoneSimulator
		{D916D9B3-C3BB-4314-8673-C1AFD0BFBC7F}.AppStore|iPhoneSimulator.Build.0 = AppStore|iPhoneSimulator
		{D916D9B3-C3BB-4314-8673-C1AFD0BFBC7F}.AppStore|x64.ActiveCfg = AppStore|iPhone
		{D916D9B3-C3BB-4314-8673-C1AFD0BFBC7F}.AppStore|x86.ActiveCfg = AppStore|iPhone
		{D916D9B3-C3BB-4314-8673-C1AFD0BFBC7F}.Debug|Any CPU.ActiveCfg = Debug|iPhone
		{D916D9B3-C3BB-4314-8673-C1AFD0BFBC7F}.Debug|ARM.ActiveCfg = Debug|iPhone
		{D916D9B3-C3BB-4314-8673-C1AFD0BFBC7F}.Debug|iPhone.ActiveCfg = Debug|iPhone
		{D916D9B3-C3BB-4314-8673-C1AFD0BFBC7F}.Debug|iPhone.Build.0 = Debug|iPhone
		{D916D9B3-C3BB-4314-8673-C1AFD0BFBC7F}.Debug|iPhoneSimulator.ActiveCfg = Debug|iPhoneSimulator
		{D916D9B3-C3BB-4314-8673-C1AFD0BFBC7F}.Debug|iPhoneSimulator.Build.0 = Debug|iPhoneSimulator
		{D916D9B3-C3BB-4314-8673-C1AFD0BFBC7F}.Debug|x64.ActiveCfg = Debug|iPhone
		{D916D9B3-C3BB-4314-8673-C1AFD0BFBC7F}.Debug|x86.ActiveCfg = Debug|iPhone
		{D916D9B3-C3BB-4314-8673-C1AFD0BFBC7F}.Release|Any CPU.ActiveCfg = Release|iPhone
		{D916D9B3-C3BB-4314-8673-C1AFD0BFBC7F}.Release|ARM.ActiveCfg = Release|iPhone
		{D916D9B3-C3BB-4314-8673-C1AFD0BFBC7F}.Release|iPhone.ActiveCfg = Release|iPhone
		{D916D9B3-C3BB-4314-8673-C1AFD0BFBC7F}.Release|iPhone.Build.0 = Release|iPhone
		{D916D9B3-C3BB-4314-8673-C1AFD0BFBC7F}.Release|iPhoneSimulator.ActiveCfg = Release|iPhoneSimulator
		{D916D9B3-C3BB-4314-8673-C1AFD0BFBC7F}.Release|iPhoneSimulator.Build.0 = Release|iPhoneSimulator
		{D916D9B3-C3BB-4314-8673-C1AFD0BFBC7F}.Release|x64.ActiveCfg = Release|iPhone
		{D916D9B3-C3BB-4314-8673-C1AFD0BFBC7F}.Release|x86.ActiveCfg = Release|iPhone
		{9EB1AB19-9A75-449F-9DB4-DD4BAD064A99}.Ad-Hoc|Any CPU.ActiveCfg = Release|x86
		{9EB1AB19-9A75-449F-9DB4-DD4BAD064A99}.Ad-Hoc|Any CPU.Build.0 = Release|x86
		{9EB1AB19-9A75-449F-9DB4-DD4BAD064A99}.Ad-Hoc|Any CPU.Deploy.0 = Release|x86
		{9EB1AB19-9A75-449F-9DB4-DD4BAD064A99}.Ad-Hoc|ARM.ActiveCfg = Release|ARM
		{9EB1AB19-9A75-449F-9DB4-DD4BAD064A99}.Ad-Hoc|ARM.Build.0 = Release|ARM
		{9EB1AB19-9A75-449F-9DB4-DD4BAD064A99}.Ad-Hoc|ARM.Deploy.0 = Release|ARM
		{9EB1AB19-9A75-449F-9DB4-DD4BAD064A99}.Ad-Hoc|iPhone.ActiveCfg = Release|x86
		{9EB1AB19-9A75-449F-9DB4-DD4BAD064A99}.Ad-Hoc|iPhone.Build.0 = Release|x86
		{9EB1AB19-9A75-449F-9DB4-DD4BAD064A99}.Ad-Hoc|iPhone.Deploy.0 = Release|x86
		{9EB1AB19-9A75-449F-9DB4-DD4BAD064A99}.Ad-Hoc|iPhoneSimulator.ActiveCfg = Release|x86
		{9EB1AB19-9A75-449F-9DB4-DD4BAD064A99}.Ad-Hoc|iPhoneSimulator.Build.0 = Release|x86
		{9EB1AB19-9A75-449F-9DB4-DD4BAD064A99}.Ad-Hoc|iPhoneSimulator.Deploy.0 = Release|x86
		{9EB1AB19-9A75-449F-9DB4-DD4BAD064A99}.Ad-Hoc|x64.ActiveCfg = Release|x64
		{9EB1AB19-9A75-449F-9DB4-DD4BAD064A99}.Ad-Hoc|x64.Build.0 = Release|x64
		{9EB1AB19-9A75-449F-9DB4-DD4BAD064A99}.Ad-Hoc|x64.Deploy.0 = Release|x64
		{9EB1AB19-9A75-449F-9DB4-DD4BAD064A99}.Ad-Hoc|x86.ActiveCfg = Release|x86
		{9EB1AB19-9A75-449F-9DB4-DD4BAD064A99}.Ad-Hoc|x86.Build.0 = Release|x86
		{9EB1AB19-9A75-449F-9DB4-DD4BAD064A99}.Ad-Hoc|x86.Deploy.0 = Release|x86
		{9EB1AB19-9A75-449F-9DB4-DD4BAD064A99}.AppStore|Any CPU.ActiveCfg = Release|x86
		{9EB1AB19-9A75-449F-9DB4-DD4BAD064A99}.AppStore|Any CPU.Build.0 = Release|x86
		{9EB1AB19-9A75-449F-9DB4-DD4BAD064A99}.AppStore|Any CPU.Deploy.0 = Release|x86
		{9EB1AB19-9A75-449F-9DB4-DD4BAD064A99}.AppStore|ARM.ActiveCfg = Release|ARM
		{9EB1AB19-9A75-449F-9DB4-DD4BAD064A99}.AppStore|ARM.Build.0 = Release|ARM
		{9EB1AB19-9A75-449F-9DB4-DD4BAD064A99}.AppStore|ARM.Deploy.0 = Release|ARM
		{9EB1AB19-9A75-449F-9DB4-DD4BAD064A99}.AppStore|iPhone.ActiveCfg = Release|x86
		{9EB1AB19-9A75-449F-9DB4-DD4BAD064A99}.AppStore|iPhone.Build.0 = Release|x86
		{9EB1AB19-9A75-449F-9DB4-DD4BAD064A99}.AppStore|iPhone.Deploy.0 = Release|x86
		{9EB1AB19-9A75-449F-9DB4-DD4BAD064A99}.AppStore|iPhoneSimulator.ActiveCfg = Release|x86
		{9EB1AB19-9A75-449F-9DB4-DD4BAD064A99}.AppStore|iPhoneSimulator.Build.0 = Release|x86
		{9EB1AB19-9A75-449F-9DB4-DD4BAD064A99}.AppStore|iPhoneSimulator.Deploy.0 = Release|x86
		{9EB1AB19-9A75-449F-9DB4-DD4BAD064A99}.AppStore|x64.ActiveCfg = Release|x64
		{9EB1AB19-9A75-449F-9DB4-DD4BAD064A99}.AppStore|x64.Build.0 = Release|x64
		{9EB1AB19-9A75-449F-9DB4-DD4BAD064A99}.AppStore|x64.Deploy.0 = Release|x64
		{9EB1AB19-9A75-449F-9DB4-DD4BAD064A99}.AppStore|x86.ActiveCfg = Release|x86
		{9EB1AB19-9A75-449F-9DB4-DD4BAD064A99}.AppStore|x86.Build.0 = Release|x86
		{9EB1AB19-9A75-449F-9DB4-DD4BAD064A99}.AppStore|x86.Deploy.0 = Release|x86
		{9EB1AB19-9A75-449F-9DB4-DD4BAD064A99}.Debug|Any CPU.ActiveCfg = Debug|x86
		{9EB1AB19-9A75-449F-9DB4-DD4BAD064A99}.Debug|ARM.ActiveCfg = Debug|ARM
		{9EB1AB19-9A75-449F-9DB4-DD4BAD064A99}.Debug|ARM.Build.0 = Debug|ARM
		{9EB1AB19-9A75-449F-9DB4-DD4BAD064A99}.Debug|ARM.Deploy.0 = Debug|ARM
		{9EB1AB19-9A75-449F-9DB4-DD4BAD064A99}.Debug|iPhone.ActiveCfg = Debug|x86
		{9EB1AB19-9A75-449F-9DB4-DD4BAD064A99}.Debug|iPhoneSimulator.ActiveCfg = Debug|x86
		{9EB1AB19-9A75-449F-9DB4-DD4BAD064A99}.Debug|x64.ActiveCfg = Debug|x64
		{9EB1AB19-9A75-449F-9DB4-DD4BAD064A99}.Debug|x64.Build.0 = Debug|x64
		{9EB1AB19-9A75-449F-9DB4-DD4BAD064A99}.Debug|x64.Deploy.0 = Debug|x64
		{9EB1AB19-9A75-449F-9DB4-DD4BAD064A99}.Debug|x86.ActiveCfg = Debug|x86
		{9EB1AB19-9A75-449F-9DB4-DD4BAD064A99}.Debug|x86.Build.0 = Debug|x86
		{9EB1AB19-9A75-449F-9DB4-DD4BAD064A99}.Debug|x86.Deploy.0 = Debug|x86
		{9EB1AB19-9A75-449F-9DB4-DD4BAD064A99}.Release|Any CPU.ActiveCfg = Release|x86
		{9EB1AB19-9A75-449F-9DB4-DD4BAD064A99}.Release|ARM.ActiveCfg = Release|ARM
		{9EB1AB19-9A75-449F-9DB4-DD4BAD064A99}.Release|ARM.Build.0 = Release|ARM
		{9EB1AB19-9A75-449F-9DB4-DD4BAD064A99}.Release|ARM.Deploy.0 = Release|ARM
		{9EB1AB19-9A75-449F-9DB4-DD4BAD064A99}.Release|iPhone.ActiveCfg = Release|x86
		{9EB1AB19-9A75-449F-9DB4-DD4BAD064A99}.Release|iPhoneSimulator.ActiveCfg = Release|x86
		{9EB1AB19-9A75-449F-9DB4-DD4BAD064A99}.Release|x64.ActiveCfg = Release|x64
		{9EB1AB19-9A75-449F-9DB4-DD4BAD064A99}.Release|x64.Build.0 = Release|x64
		{9EB1AB19-9A75-449F-9DB4-DD4BAD064A99}.Release|x64.Deploy.0 = Release|x64
		{9EB1AB19-9A75-449F-9DB4-DD4BAD064A99}.Release|x86.ActiveCfg = Release|x86
		{9EB1AB19-9A75-449F-9DB4-DD4BAD064A99}.Release|x86.Build.0 = Release|x86
		{9EB1AB19-9A75-449F-9DB4-DD4BAD064A99}.Release|x86.Deploy.0 = Release|x86
	EndGlobalSection
	GlobalSection(SolutionProperties) = preSolution
		HideSolutionNode = FALSE
	EndGlobalSection
EndGlobal
